
Microsoft Visual Studio Solution File, Format Version 12.00
# Visual Studio Version 16
VisualStudioVersion = 16.0.31624.102
MinimumVisualStudioVersion = 10.0.40219.1
Project("{159641D6-6404-4A2A-AE62-294DE0FE8301}") = "DOANCUOIKI", "DOANCUOIKI.dtproj", "{2CD706FB-23B7-47A3-AB57-D03FDB738021}"
EndProject
Global
	GlobalSection(SolutionConfigurationPlatforms) = preSolution
		Development|Default = Development|Default
	EndGlobalSection
	GlobalSection(ProjectConfigurationPlatforms) = postSolution
		{2CD706FB-23B7-47A3-AB57-D03FDB738021}.Development|Default.ActiveCfg = Development
		{2CD706FB-23B7-47A3-AB57-D03FDB738021}.Development|Default.Build.0 = Development
	EndGlobalSection
	GlobalSection(SolutionProperties) = preSolution
		HideSolutionNode = FALSE
	EndGlobalSection
	GlobalSection(ExtensibilityGlobals) = postSolution
		SolutionGuid = {50AC338A-7D98-4783-9978-4D5FEDF8D3EA}
	EndGlobalSection
EndGlobal
